
Microsoft Visual Studio Solution File, Format Version 12.00
# Visual Studio Version 17
VisualStudioVersion = 17.13.35931.197 d17.13
MinimumVisualStudioVersion = 10.0.40219.1
Project("{FAE04EC0-301F-11D3-BF4B-00C04F79EFBC}") = "Intermediate_Excercises", "Intermediate_Excercises.csproj", "{36F1909D-EE02-47BE-A1F3-6B7F678DA432}"
EndProject
Global
	GlobalSection(SolutionConfigurationPlatforms) = preSolution
		Debug|Any CPU = Debug|Any CPU
		Release|Any CPU = Release|Any CPU
	EndGlobalSection
	GlobalSection(ProjectConfigurationPlatforms) = postSolution
		{36F1909D-EE02-47BE-A1F3-6B7F678DA432}.Debug|Any CPU.ActiveCfg = Debug|Any CPU
		{36F1909D-EE02-47BE-A1F3-6B7F678DA432}.Debug|Any CPU.Build.0 = Debug|Any CPU
		{36F1909D-EE02-47BE-A1F3-6B7F678DA432}.Release|Any CPU.ActiveCfg = Release|Any CPU
		{36F1909D-EE02-47BE-A1F3-6B7F678DA432}.Release|Any CPU.Build.0 = Release|Any CPU
	EndGlobalSection
	GlobalSection(SolutionProperties) = preSolution
		HideSolutionNode = FALSE
	EndGlobalSection
	GlobalSection(ExtensibilityGlobals) = postSolution
		SolutionGuid = {F1B30740-0D16-419A-8ECC-829BE79AA6FE}
	EndGlobalSection
EndGlobal
